
Microsoft Visual Studio Solution File, Format Version 11.00
# Visual C++ Express 2010
Project("{8BC9CEB8-8B4A-11D0-8D11-00A0C91BC942}") = "ServerOperation", "ServerOperation\ServerOperation.vcxproj", "{2E73B5F6-8ADF-401E-AABA-C376ACE65AB6}"
	ProjectSection(ProjectDependencies) = postProject
		{928F4BFB-62DB-4C2C-A83D-AF6916D63207} = {928F4BFB-62DB-4C2C-A83D-AF6916D63207}
	EndProjectSection
EndProject
Project("{8BC9CEB8-8B4A-11D0-8D11-00A0C91BC942}") = "libtga", "libtga\libtga.vcxproj", "{928F4BFB-62DB-4C2C-A83D-AF6916D63207}"
EndProject
Global
	GlobalSection(SolutionConfigurationPlatforms) = preSolution
		Debug|Win32 = Debug|Win32
		Debug|x64 = Debug|x64
		Release|Win32 = Release|Win32
		Release|x64 = Release|x64
	EndGlobalSection
	GlobalSection(ProjectConfigurationPlatforms) = postSolution
		{2E73B5F6-8ADF-401E-AABA-C376ACE65AB6}.Debug|Win32.ActiveCfg = Debug|Win32
		{2E73B5F6-8ADF-401E-AABA-C376ACE65AB6}.Debug|Win32.Build.0 = Debug|Win32
		{2E73B5F6-8ADF-401E-AABA-C376ACE65AB6}.Debug|x64.ActiveCfg = Debug|x64
		{2E73B5F6-8ADF-401E-AABA-C376ACE65AB6}.Debug|x64.Build.0 = Debug|x64
		{2E73B5F6-8ADF-401E-AABA-C376ACE65AB6}.Release|Win32.ActiveCfg = Release|Win32
		{2E73B5F6-8ADF-401E-AABA-C376ACE65AB6}.Release|Win32.Build.0 = Release|Win32
		{2E73B5F6-8ADF-401E-AABA-C376ACE65AB6}.Release|x64.ActiveCfg = Release|x64
		{2E73B5F6-8ADF-401E-AABA-C376ACE65AB6}.Release|x64.Build.0 = Release|x64
		{928F4BFB-62DB-4C2C-A83D-AF6916D63207}.Debug|Win32.ActiveCfg = Debug|Win32
		{928F4BFB-62DB-4C2C-A83D-AF6916D63207}.Debug|Win32.Build.0 = Debug|Win32
		{928F4BFB-62DB-4C2C-A83D-AF6916D63207}.Debug|x64.ActiveCfg = Debug|x64
		{928F4BFB-62DB-4C2C-A83D-AF6916D63207}.Debug|x64.Build.0 = Debug|x64
		{928F4BFB-62DB-4C2C-A83D-AF6916D63207}.Release|Win32.ActiveCfg = Release|Win32
		{928F4BFB-62DB-4C2C-A83D-AF6916D63207}.Release|Win32.Build.0 = Release|Win32
		{928F4BFB-62DB-4C2C-A83D-AF6916D63207}.Release|x64.ActiveCfg = Release|x64
		{928F4BFB-62DB-4C2C-A83D-AF6916D63207}.Release|x64.Build.0 = Release|x64
	EndGlobalSection
	GlobalSection(SolutionProperties) = preSolution
		HideSolutionNode = FALSE
	EndGlobalSection
EndGlobal
